
Microsoft Visual Studio Solution File, Format Version 11.00
# Visual Studio 2010
Project("{FAE04EC0-301F-11D3-BF4B-00C04F79EFBC}") = "Assembly-CSharp", "Assembly-CSharp.csproj", "{25FF52C8-E8CF-783D-0CE9-6A1C8E6B997E}"
EndProject
Project("{FAE04EC0-301F-11D3-BF4B-00C04F79EFBC}") = "Assembly-CSharp-Editor", "Assembly-CSharp-Editor.csproj", "{104D60D3-6997-E7E7-049D-F936127A07D2}"
EndProject
Global
	GlobalSection(SolutionConfigurationPlatforms) = preSolution
		Debug|Any CPU = Debug|Any CPU
		Release|Any CPU = Release|Any CPU
	EndGlobalSection
	GlobalSection(ProjectConfigurationPlatforms) = postSolution
		{25FF52C8-E8CF-783D-0CE9-6A1C8E6B997E}.Debug|Any CPU.ActiveCfg = Debug|Any CPU
		{25FF52C8-E8CF-783D-0CE9-6A1C8E6B997E}.Debug|Any CPU.Build.0 = Debug|Any CPU
		{25FF52C8-E8CF-783D-0CE9-6A1C8E6B997E}.Release|Any CPU.ActiveCfg = Release|Any CPU
		{25FF52C8-E8CF-783D-0CE9-6A1C8E6B997E}.Release|Any CPU.Build.0 = Release|Any CPU
		{104D60D3-6997-E7E7-049D-F936127A07D2}.Debug|Any CPU.ActiveCfg = Debug|Any CPU
		{104D60D3-6997-E7E7-049D-F936127A07D2}.Debug|Any CPU.Build.0 = Debug|Any CPU
		{104D60D3-6997-E7E7-049D-F936127A07D2}.Release|Any CPU.ActiveCfg = Release|Any CPU
		{104D60D3-6997-E7E7-049D-F936127A07D2}.Release|Any CPU.Build.0 = Release|Any CPU
	EndGlobalSection
	GlobalSection(SolutionProperties) = preSolution
		HideSolutionNode = FALSE
	EndGlobalSection
EndGlobal
